// !$*UTF8*$!
{
	archiveVersion = 1;
	classes = {
	};
	objectVersion = 56;
	objects = {

/* Begin PBXBuildFile section */
		E84E00202E5D988D004102C7 /* PlayerMakerBTScanApp.swift in Sources */ = {isa = PBXBuildFile; fileRef = E84E001F2E5D988D004102C7 /* PlayerMakerBTScanApp.swift */; };
		E84E00242E5D9891004102C7 /* Assets.xcassets in Resources */ = {isa = PBXBuildFile; fileRef = E84E00232E5D9891004102C7 /* Assets.xcassets */; };
		E84E00272E5D9891004102C7 /* Preview Assets.xcassets in Resources */ = {isa = PBXBuildFile; fileRef = E84E00262E5D9891004102C7 /* Preview Assets.xcassets */; };
		E8DEBEA82E5DA02900B49021 /* Device.swift in Sources */ = {isa = PBXBuildFile; fileRef = E8DEBEA72E5DA02900B49021 /* Device.swift */; };
		E8DEBEAA2E5DA10800B49021 /* SplashScreenView.swift in Sources */ = {isa = PBXBuildFile; fileRef = E8DEBEA92E5DA10800B49021 /* SplashScreenView.swift */; };
		E8DEBEAD2E5DA37E00B49021 /* MainView.swift in Sources */ = {isa = PBXBuildFile; fileRef = E8DEBEAC2E5DA37E00B49021 /* MainView.swift */; };
		E8DEBEAF2E5DA3E700B49021 /* RootView.swift in Sources */ = {isa = PBXBuildFile; fileRef = E8DEBEAE2E5DA3E700B49021 /* RootView.swift */; };
		E8DEBEB22E5DA6B400B49021 /* FavoritesViewModel.swift in Sources */ = {isa = PBXBuildFile; fileRef = E8DEBEB12E5DA6B400B49021 /* FavoritesViewModel.swift */; };
		E8DEBEB72E5DAF1D00B49021 /* FavoritesListView.swift in Sources */ = {isa = PBXBuildFile; fileRef = E8DEBEB62E5DAF1D00B49021 /* FavoritesListView.swift */; };
		E8DEBEB92E5DAF3D00B49021 /* FavoriteDeviceView.swift in Sources */ = {isa = PBXBuildFile; fileRef = E8DEBEB82E5DAF3D00B49021 /* FavoriteDeviceView.swift */; };
		E8DEBEBB2E5DB08A00B49021 /* EmptyListView.swift in Sources */ = {isa = PBXBuildFile; fileRef = E8DEBEBA2E5DB08A00B49021 /* EmptyListView.swift */; };
		E8DEBEBD2E5DC6CA00B49021 /* AddDevicesButton.swift in Sources */ = {isa = PBXBuildFile; fileRef = E8DEBEBC2E5DC6CA00B49021 /* AddDevicesButton.swift */; };
		E8DEBEC02E5DC8AE00B49021 /* ScanView.swift in Sources */ = {isa = PBXBuildFile; fileRef = E8DEBEBF2E5DC8AE00B49021 /* ScanView.swift */; };
		E8DEBEC42E5DCCF400B49021 /* BluetoothManager.swift in Sources */ = {isa = PBXBuildFile; fileRef = E8DEBEC32E5DCCF400B49021 /* BluetoothManager.swift */; };
		E8DEBEC62E5DEDCC00B49021 /* BluetoothDevice.swift in Sources */ = {isa = PBXBuildFile; fileRef = E8DEBEC52E5DEDCC00B49021 /* BluetoothDevice.swift */; };
/* End PBXBuildFile section */

/* Begin PBXFileReference section */
		E84E001C2E5D988D004102C7 /* PlayerMakerBTScan.app */ = {isa = PBXFileReference; explicitFileType = wrapper.application; includeInIndex = 0; path = PlayerMakerBTScan.app; sourceTree = BUILT_PRODUCTS_DIR; };
		E84E001F2E5D988D004102C7 /* PlayerMakerBTScanApp.swift */ = {isa = PBXFileReference; lastKnownFileType = sourcecode.swift; path = PlayerMakerBTScanApp.swift; sourceTree = "<group>"; };
		E84E00232E5D9891004102C7 /* Assets.xcassets */ = {isa = PBXFileReference; lastKnownFileType = folder.assetcatalog; path = Assets.xcassets; sourceTree = "<group>"; };
		E84E00262E5D9891004102C7 /* Preview Assets.xcassets */ = {isa = PBXFileReference; lastKnownFileType = folder.assetcatalog; path = "Preview Assets.xcassets"; sourceTree = "<group>"; };
		E8DEBEA72E5DA02900B49021 /* Device.swift */ = {isa = PBXFileReference; lastKnownFileType = sourcecode.swift; path = Device.swift; sourceTree = "<group>"; };
		E8DEBEA92E5DA10800B49021 /* SplashScreenView.swift */ = {isa = PBXFileReference; lastKnownFileType = sourcecode.swift; path = SplashScreenView.swift; sourceTree = "<group>"; };
		E8DEBEAC2E5DA37E00B49021 /* MainView.swift */ = {isa = PBXFileReference; lastKnownFileType = sourcecode.swift; path = MainView.swift; sourceTree = "<group>"; };
		E8DEBEAE2E5DA3E700B49021 /* RootView.swift */ = {isa = PBXFileReference; lastKnownFileType = sourcecode.swift; path = RootView.swift; sourceTree = "<group>"; };
		E8DEBEB12E5DA6B400B49021 /* FavoritesViewModel.swift */ = {isa = PBXFileReference; lastKnownFileType = sourcecode.swift; path = FavoritesViewModel.swift; sourceTree = "<group>"; };
		E8DEBEB62E5DAF1D00B49021 /* FavoritesListView.swift */ = {isa = PBXFileReference; lastKnownFileType = sourcecode.swift; path = FavoritesListView.swift; sourceTree = "<group>"; };
		E8DEBEB82E5DAF3D00B49021 /* FavoriteDeviceView.swift */ = {isa = PBXFileReference; lastKnownFileType = sourcecode.swift; path = FavoriteDeviceView.swift; sourceTree = "<group>"; };
		E8DEBEBA2E5DB08A00B49021 /* EmptyListView.swift */ = {isa = PBXFileReference; lastKnownFileType = sourcecode.swift; path = EmptyListView.swift; sourceTree = "<group>"; };
		E8DEBEBC2E5DC6CA00B49021 /* AddDevicesButton.swift */ = {isa = PBXFileReference; lastKnownFileType = sourcecode.swift; path = AddDevicesButton.swift; sourceTree = "<group>"; };
		E8DEBEBF2E5DC8AE00B49021 /* ScanView.swift */ = {isa = PBXFileReference; lastKnownFileType = sourcecode.swift; path = ScanView.swift; sourceTree = "<group>"; };
		E8DEBEC32E5DCCF400B49021 /* BluetoothManager.swift */ = {isa = PBXFileReference; lastKnownFileType = sourcecode.swift; path = BluetoothManager.swift; sourceTree = "<group>"; };
		E8DEBEC52E5DEDCC00B49021 /* BluetoothDevice.swift */ = {isa = PBXFileReference; lastKnownFileType = sourcecode.swift; path = BluetoothDevice.swift; sourceTree = "<group>"; };
/* End PBXFileReference section */

/* Begin PBXFrameworksBuildPhase section */
		E84E00192E5D988D004102C7 /* Frameworks */ = {
			isa = PBXFrameworksBuildPhase;
			buildActionMask = 2147483647;
			files = (
			);
			runOnlyForDeploymentPostprocessing = 0;
		};
/* End PBXFrameworksBuildPhase section */

/* Begin PBXGroup section */
		E84E00132E5D988D004102C7 = {
			isa = PBXGroup;
			children = (
				E84E001E2E5D988D004102C7 /* PlayerMakerBTScan */,
				E84E001D2E5D988D004102C7 /* Products */,
			);
			sourceTree = "<group>";
		};
		E84E001D2E5D988D004102C7 /* Products */ = {
			isa = PBXGroup;
			children = (
				E84E001C2E5D988D004102C7 /* PlayerMakerBTScan.app */,
			);
			name = Products;
			sourceTree = "<group>";
		};
		E84E001E2E5D988D004102C7 /* PlayerMakerBTScan */ = {
			isa = PBXGroup;
			children = (
				E8DEBEC12E5DCCCD00B49021 /* Service */,
				E8DEBEA62E5D9F4A00B49021 /* LocalModels */,
				E8DEBEA52E5D9F2000B49021 /* GUI */,
				E8DEBEA42E5D9F1500B49021 /* App */,
				E8DEBEA32E5D9F0B00B49021 /* Assets */,
				E84E00252E5D9891004102C7 /* Preview Content */,
			);
			path = PlayerMakerBTScan;
			sourceTree = "<group>";
		};
		E84E00252E5D9891004102C7 /* Preview Content */ = {
			isa = PBXGroup;
			children = (
				E84E00262E5D9891004102C7 /* Preview Assets.xcassets */,
			);
			path = "Preview Content";
			sourceTree = "<group>";
		};
		E8DEBEA32E5D9F0B00B49021 /* Assets */ = {
			isa = PBXGroup;
			children = (
				E84E00232E5D9891004102C7 /* Assets.xcassets */,
			);
			path = Assets;
			sourceTree = "<group>";
		};
		E8DEBEA42E5D9F1500B49021 /* App */ = {
			isa = PBXGroup;
			children = (
				E84E001F2E5D988D004102C7 /* PlayerMakerBTScanApp.swift */,
			);
			path = App;
			sourceTree = "<group>";
		};
		E8DEBEA52E5D9F2000B49021 /* GUI */ = {
			isa = PBXGroup;
			children = (
				E8DEBEB02E5DA66100B49021 /* Presentation */,
				E8DEBEAB2E5DA28800B49021 /* Views */,
			);
			path = GUI;
			sourceTree = "<group>";
		};
		E8DEBEA62E5D9F4A00B49021 /* LocalModels */ = {
			isa = PBXGroup;
			children = (
				E8DEBEA72E5DA02900B49021 /* Device.swift */,
			);
			path = LocalModels;
			sourceTree = "<group>";
		};
		E8DEBEAB2E5DA28800B49021 /* Views */ = {
			isa = PBXGroup;
			children = (
				E8DEBEBE2E5DC89400B49021 /* ScanScreen */,
				E8DEBEB52E5DAEE600B49021 /* Root */,
				E8DEBEB42E5DAE3C00B49021 /* MainScreen */,
			);
			path = Views;
			sourceTree = "<group>";
		};
		E8DEBEB02E5DA66100B49021 /* Presentation */ = {
			isa = PBXGroup;
			children = (
				E8DEBEB12E5DA6B400B49021 /* FavoritesViewModel.swift */,
			);
			path = Presentation;
			sourceTree = "<group>";
		};
		E8DEBEB42E5DAE3C00B49021 /* MainScreen */ = {
			isa = PBXGroup;
			children = (
				E8DEBEAC2E5DA37E00B49021 /* MainView.swift */,
				E8DEBEB62E5DAF1D00B49021 /* FavoritesListView.swift */,
				E8DEBEB82E5DAF3D00B49021 /* FavoriteDeviceView.swift */,
				E8DEBEBA2E5DB08A00B49021 /* EmptyListView.swift */,
				E8DEBEBC2E5DC6CA00B49021 /* AddDevicesButton.swift */,
			);
			path = MainScreen;
			sourceTree = "<group>";
		};
		E8DEBEB52E5DAEE600B49021 /* Root */ = {
			isa = PBXGroup;
			children = (
				E8DEBEAE2E5DA3E700B49021 /* RootView.swift */,
				E8DEBEA92E5DA10800B49021 /* SplashScreenView.swift */,
			);
			path = Root;
			sourceTree = "<group>";
		};
		E8DEBEBE2E5DC89400B49021 /* ScanScreen */ = {
			isa = PBXGroup;
			children = (
				E8DEBEBF2E5DC8AE00B49021 /* ScanView.swift */,
			);
			path = ScanScreen;
			sourceTree = "<group>";
		};
		E8DEBEC12E5DCCCD00B49021 /* Service */ = {
			isa = PBXGroup;
			children = (
				E8DEBEC22E5DCCDD00B49021 /* Bluetooth */,
			);
			path = Service;
			sourceTree = "<group>";
		};
		E8DEBEC22E5DCCDD00B49021 /* Bluetooth */ = {
			isa = PBXGroup;
			children = (
				E8DEBEC32E5DCCF400B49021 /* BluetoothManager.swift */,
				E8DEBEC52E5DEDCC00B49021 /* BluetoothDevice.swift */,
			);
			path = Bluetooth;
			sourceTree = "<group>";
		};
/* End PBXGroup section */

/* Begin PBXNativeTarget section */
		E84E001B2E5D988D004102C7 /* PlayerMakerBTScan */ = {
			isa = PBXNativeTarget;
			buildConfigurationList = E84E002A2E5D9891004102C7 /* Build configuration list for PBXNativeTarget "PlayerMakerBTScan" */;
			buildPhases = (
				E84E00182E5D988D004102C7 /* Sources */,
				E84E00192E5D988D004102C7 /* Frameworks */,
				E84E001A2E5D988D004102C7 /* Resources */,
			);
			buildRules = (
			);
			dependencies = (
			);
			name = PlayerMakerBTScan;
			productName = PlayerMakerBTScan;
			productReference = E84E001C2E5D988D004102C7 /* PlayerMakerBTScan.app */;
			productType = "com.apple.product-type.application";
		};
/* End PBXNativeTarget section */

/* Begin PBXProject section */
		E84E00142E5D988D004102C7 /* Project object */ = {
			isa = PBXProject;
			attributes = {
				BuildIndependentTargetsInParallel = 1;
				LastSwiftUpdateCheck = 1510;
				LastUpgradeCheck = 1510;
				TargetAttributes = {
					E84E001B2E5D988D004102C7 = {
						CreatedOnToolsVersion = 15.1;
					};
				};
			};
			buildConfigurationList = E84E00172E5D988D004102C7 /* Build configuration list for PBXProject "PlayerMakerBTScan" */;
			compatibilityVersion = "Xcode 14.0";
			developmentRegion = en;
			hasScannedForEncodings = 0;
			knownRegions = (
				en,
				Base,
			);
			mainGroup = E84E00132E5D988D004102C7;
			productRefGroup = E84E001D2E5D988D004102C7 /* Products */;
			projectDirPath = "";
			projectRoot = "";
			targets = (
				E84E001B2E5D988D004102C7 /* PlayerMakerBTScan */,
			);
		};
/* End PBXProject section */

/* Begin PBXResourcesBuildPhase section */
		E84E001A2E5D988D004102C7 /* Resources */ = {
			isa = PBXResourcesBuildPhase;
			buildActionMask = 2147483647;
			files = (
				E84E00272E5D9891004102C7 /* Preview Assets.xcassets in Resources */,
				E84E00242E5D9891004102C7 /* Assets.xcassets in Resources */,
			);
			runOnlyForDeploymentPostprocessing = 0;
		};
/* End PBXResourcesBuildPhase section */

/* Begin PBXSourcesBuildPhase section */
		E84E00182E5D988D004102C7 /* Sources */ = {
			isa = PBXSourcesBuildPhase;
			buildActionMask = 2147483647;
			files = (
				E8DEBEB22E5DA6B400B49021 /* FavoritesViewModel.swift in Sources */,
				E8DEBEAA2E5DA10800B49021 /* SplashScreenView.swift in Sources */,
				E8DEBEAD2E5DA37E00B49021 /* MainView.swift in Sources */,
				E8DEBEC62E5DEDCC00B49021 /* BluetoothDevice.swift in Sources */,
				E8DEBEB72E5DAF1D00B49021 /* FavoritesListView.swift in Sources */,
				E8DEBEA82E5DA02900B49021 /* Device.swift in Sources */,
				E8DEBEC02E5DC8AE00B49021 /* ScanView.swift in Sources */,
				E8DEBEBD2E5DC6CA00B49021 /* AddDevicesButton.swift in Sources */,
				E84E00202E5D988D004102C7 /* PlayerMakerBTScanApp.swift in Sources */,
				E8DEBEB92E5DAF3D00B49021 /* FavoriteDeviceView.swift in Sources */,
				E8DEBEAF2E5DA3E700B49021 /* RootView.swift in Sources */,
				E8DEBEC42E5DCCF400B49021 /* BluetoothManager.swift in Sources */,
				E8DEBEBB2E5DB08A00B49021 /* EmptyListView.swift in Sources */,
			);
			runOnlyForDeploymentPostprocessing = 0;
		};
/* End PBXSourcesBuildPhase section */

/* Begin XCBuildConfiguration section */
		E84E00282E5D9891004102C7 /* Debug */ = {
			isa = XCBuildConfiguration;
			buildSettings = {
				ALWAYS_SEARCH_USER_PATHS = NO;
				ASSETCATALOG_COMPILER_GENERATE_SWIFT_ASSET_SYMBOL_EXTENSIONS = YES;
				CLANG_ANALYZER_NONNULL = YES;
				CLANG_ANALYZER_NUMBER_OBJECT_CONVERSION = YES_AGGRESSIVE;
				CLANG_CXX_LANGUAGE_STANDARD = "gnu++20";
				CLANG_ENABLE_MODULES = YES;
				CLANG_ENABLE_OBJC_ARC = YES;
				CLANG_ENABLE_OBJC_WEAK = YES;
				CLANG_WARN_BLOCK_CAPTURE_AUTORELEASING = YES;
				CLANG_WARN_BOOL_CONVERSION = YES;
				CLANG_WARN_COMMA = YES;
				CLANG_WARN_CONSTANT_CONVERSION = YES;
				CLANG_WARN_DEPRECATED_OBJC_IMPLEMENTATIONS = YES;
				CLANG_WARN_DIRECT_OBJC_ISA_USAGE = YES_ERROR;
				CLANG_WARN_DOCUMENTATION_COMMENTS = YES;
				CLANG_WARN_EMPTY_BODY = YES;
				CLANG_WARN_ENUM_CONVERSION = YES;
				CLANG_WARN_INFINITE_RECURSION = YES;
				CLANG_WARN_INT_CONVERSION = YES;
				CLANG_WARN_NON_LITERAL_NULL_CONVERSION = YES;
				CLANG_WARN_OBJC_IMPLICIT_RETAIN_SELF = YES;
				CLANG_WARN_OBJC_LITERAL_CONVERSION = YES;
				CLANG_WARN_OBJC_ROOT_CLASS = YES_ERROR;
				CLANG_WARN_QUOTED_INCLUDE_IN_FRAMEWORK_HEADER = YES;
				CLANG_WARN_RANGE_LOOP_ANALYSIS = YES;
				CLANG_WARN_STRICT_PROTOTYPES = YES;
				CLANG_WARN_SUSPICIOUS_MOVE = YES;
				CLANG_WARN_UNGUARDED_AVAILABILITY = YES_AGGRESSIVE;
				CLANG_WARN_UNREACHABLE_CODE = YES;
				CLANG_WARN__DUPLICATE_METHOD_MATCH = YES;
				COPY_PHASE_STRIP = NO;
				DEBUG_INFORMATION_FORMAT = dwarf;
				ENABLE_STRICT_OBJC_MSGSEND = YES;
				ENABLE_TESTABILITY = YES;
				ENABLE_USER_SCRIPT_SANDBOXING = YES;
				GCC_C_LANGUAGE_STANDARD = gnu17;
				GCC_DYNAMIC_NO_PIC = NO;
				GCC_NO_COMMON_BLOCKS = YES;
				GCC_OPTIMIZATION_LEVEL = 0;
				GCC_PREPROCESSOR_DEFINITIONS = (
					"DEBUG=1",
					"$(inherited)",
				);
				GCC_WARN_64_TO_32_BIT_CONVERSION = YES;
				GCC_WARN_ABOUT_RETURN_TYPE = YES_ERROR;
				GCC_WARN_UNDECLARED_SELECTOR = YES;
				GCC_WARN_UNINITIALIZED_AUTOS = YES_AGGRESSIVE;
				GCC_WARN_UNUSED_FUNCTION = YES;
				GCC_WARN_UNUSED_VARIABLE = YES;
				IPHONEOS_DEPLOYMENT_TARGET = 17.2;
				LOCALIZATION_PREFERS_STRING_CATALOGS = YES;
				MTL_ENABLE_DEBUG_INFO = INCLUDE_SOURCE;
				MTL_FAST_MATH = YES;
				ONLY_ACTIVE_ARCH = YES;
				SDKROOT = iphoneos;
				SWIFT_ACTIVE_COMPILATION_CONDITIONS = "DEBUG $(inherited)";
				SWIFT_OPTIMIZATION_LEVEL = "-Onone";
			};
			name = Debug;
		};
		E84E00292E5D9891004102C7 /* Release */ = {
			isa = XCBuildConfiguration;
			buildSettings = {
				ALWAYS_SEARCH_USER_PATHS = NO;
				ASSETCATALOG_COMPILER_GENERATE_SWIFT_ASSET_SYMBOL_EXTENSIONS = YES;
				CLANG_ANALYZER_NONNULL = YES;
				CLANG_ANALYZER_NUMBER_OBJECT_CONVERSION = YES_AGGRESSIVE;
				CLANG_CXX_LANGUAGE_STANDARD = "gnu++20";
				CLANG_ENABLE_MODULES = YES;
				CLANG_ENABLE_OBJC_ARC = YES;
				CLANG_ENABLE_OBJC_WEAK = YES;
				CLANG_WARN_BLOCK_CAPTURE_AUTORELEASING = YES;
				CLANG_WARN_BOOL_CONVERSION = YES;
				CLANG_WARN_COMMA = YES;
				CLANG_WARN_CONSTANT_CONVERSION = YES;
				CLANG_WARN_DEPRECATED_OBJC_IMPLEMENTATIONS = YES;
				CLANG_WARN_DIRECT_OBJC_ISA_USAGE = YES_ERROR;
				CLANG_WARN_DOCUMENTATION_COMMENTS = YES;
				CLANG_WARN_EMPTY_BODY = YES;
				CLANG_WARN_ENUM_CONVERSION = YES;
				CLANG_WARN_INFINITE_RECURSION = YES;
				CLANG_WARN_INT_CONVERSION = YES;
				CLANG_WARN_NON_LITERAL_NULL_CONVERSION = YES;
				CLANG_WARN_OBJC_IMPLICIT_RETAIN_SELF = YES;
				CLANG_WARN_OBJC_LITERAL_CONVERSION = YES;
				CLANG_WARN_OBJC_ROOT_CLASS = YES_ERROR;
				CLANG_WARN_QUOTED_INCLUDE_IN_FRAMEWORK_HEADER = YES;
				CLANG_WARN_RANGE_LOOP_ANALYSIS = YES;
				CLANG_WARN_STRICT_PROTOTYPES = YES;
				CLANG_WARN_SUSPICIOUS_MOVE = YES;
				CLANG_WARN_UNGUARDED_AVAILABILITY = YES_AGGRESSIVE;
				CLANG_WARN_UNREACHABLE_CODE = YES;
				CLANG_WARN__DUPLICATE_METHOD_MATCH = YES;
				COPY_PHASE_STRIP = NO;
				DEBUG_INFORMATION_FORMAT = "dwarf-with-dsym";
				ENABLE_NS_ASSERTIONS = NO;
				ENABLE_STRICT_OBJC_MSGSEND = YES;
				ENABLE_USER_SCRIPT_SANDBOXING = YES;
				GCC_C_LANGUAGE_STANDARD = gnu17;
				GCC_NO_COMMON_BLOCKS = YES;
				GCC_WARN_64_TO_32_BIT_CONVERSION = YES;
				GCC_WARN_ABOUT_RETURN_TYPE = YES_ERROR;
				GCC_WARN_UNDECLARED_SELECTOR = YES;
				GCC_WARN_UNINITIALIZED_AUTOS = YES_AGGRESSIVE;
				GCC_WARN_UNUSED_FUNCTION = YES;
				GCC_WARN_UNUSED_VARIABLE = YES;
				IPHONEOS_DEPLOYMENT_TARGET = 17.2;
				LOCALIZATION_PREFERS_STRING_CATALOGS = YES;
				MTL_ENABLE_DEBUG_INFO = NO;
				MTL_FAST_MATH = YES;
				SDKROOT = iphoneos;
				SWIFT_COMPILATION_MODE = wholemodule;
				VALIDATE_PRODUCT = YES;
			};
			name = Release;
		};
		E84E002B2E5D9891004102C7 /* Debug */ = {
			isa = XCBuildConfiguration;
			buildSettings = {
				ASSETCATALOG_COMPILER_APPICON_NAME = AppIcon;
				ASSETCATALOG_COMPILER_GLOBAL_ACCENT_COLOR_NAME = AccentColor;
				CODE_SIGN_STYLE = Automatic;
				CURRENT_PROJECT_VERSION = 1;
				DEVELOPMENT_ASSET_PATHS = "\"PlayerMakerBTScan/Preview Content\"";
				DEVELOPMENT_TEAM = FRF56FF5QD;
				ENABLE_PREVIEWS = YES;
				GENERATE_INFOPLIST_FILE = YES;
				INFOPLIST_KEY_NSBluetoothAlwaysUsageDescription = "Access Bluetooth devices around you";
				INFOPLIST_KEY_UIApplicationSceneManifest_Generation = YES;
				INFOPLIST_KEY_UIApplicationSupportsIndirectInputEvents = YES;
				INFOPLIST_KEY_UILaunchScreen_Generation = YES;
				INFOPLIST_KEY_UISupportedInterfaceOrientations_iPad = "UIInterfaceOrientationPortrait UIInterfaceOrientationPortraitUpsideDown UIInterfaceOrientationLandscapeLeft UIInterfaceOrientationLandscapeRight";
				INFOPLIST_KEY_UISupportedInterfaceOrientations_iPhone = "UIInterfaceOrientationPortrait UIInterfaceOrientationLandscapeLeft UIInterfaceOrientationLandscapeRight";
				LD_RUNPATH_SEARCH_PATHS = (
					"$(inherited)",
					"@executable_path/Frameworks",
				);
				MARKETING_VERSION = 1.0;
				PRODUCT_BUNDLE_IDENTIFIER = com.nbpapps.PlayerMakerBTScan;
				PRODUCT_NAME = "$(TARGET_NAME)";
				SWIFT_EMIT_LOC_STRINGS = YES;
				SWIFT_VERSION = 5.0;
				TARGETED_DEVICE_FAMILY = "1,2";
			};
			name = Debug;
		};
		E84E002C2E5D9891004102C7 /* Release */ = {
			isa = XCBuildConfiguration;
			buildSettings = {
				ASSETCATALOG_COMPILER_APPICON_NAME = AppIcon;
				ASSETCATALOG_COMPILER_GLOBAL_ACCENT_COLOR_NAME = AccentColor;
				CODE_SIGN_STYLE = Automatic;
				CURRENT_PROJECT_VERSION = 1;
				DEVELOPMENT_ASSET_PATHS = "\"PlayerMakerBTScan/Preview Content\"";
				DEVELOPMENT_TEAM = FRF56FF5QD;
				ENABLE_PREVIEWS = YES;
				GENERATE_INFOPLIST_FILE = YES;
				INFOPLIST_KEY_NSBluetoothAlwaysUsageDescription = "Access Bluetooth devices around you";
				INFOPLIST_KEY_UIApplicationSceneManifest_Generation = YES;
				INFOPLIST_KEY_UIApplicationSupportsIndirectInputEvents = YES;
				INFOPLIST_KEY_UILaunchScreen_Generation = YES;
				INFOPLIST_KEY_UISupportedInterfaceOrientations_iPad = "UIInterfaceOrientationPortrait UIInterfaceOrientationPortraitUpsideDown UIInterfaceOrientationLandscapeLeft UIInterfaceOrientationLandscapeRight";
				INFOPLIST_KEY_UISupportedInterfaceOrientations_iPhone = "UIInterfaceOrientationPortrait UIInterfaceOrientationLandscapeLeft UIInterfaceOrientationLandscapeRight";
				LD_RUNPATH_SEARCH_PATHS = (
					"$(inherited)",
					"@executable_path/Frameworks",
				);
				MARKETING_VERSION = 1.0;
				PRODUCT_BUNDLE_IDENTIFIER = com.nbpapps.PlayerMakerBTScan;
				PRODUCT_NAME = "$(TARGET_NAME)";
				SWIFT_EMIT_LOC_STRINGS = YES;
				SWIFT_VERSION = 5.0;
				TARGETED_DEVICE_FAMILY = "1,2";
			};
			name = Release;
		};
/* End XCBuildConfiguration section */

/* Begin XCConfigurationList section */
		E84E00172E5D988D004102C7 /* Build configuration list for PBXProject "PlayerMakerBTScan" */ = {
			isa = XCConfigurationList;
			buildConfigurations = (
				E84E00282E5D9891004102C7 /* Debug */,
				E84E00292E5D9891004102C7 /* Release */,
			);
			defaultConfigurationIsVisible = 0;
			defaultConfigurationName = Release;
		};
		E84E002A2E5D9891004102C7 /* Build configuration list for PBXNativeTarget "PlayerMakerBTScan" */ = {
			isa = XCConfigurationList;
			buildConfigurations = (
				E84E002B2E5D9891004102C7 /* Debug */,
				E84E002C2E5D9891004102C7 /* Release */,
			);
			defaultConfigurationIsVisible = 0;
			defaultConfigurationName = Release;
		};
/* End XCConfigurationList section */
	};
	rootObject = E84E00142E5D988D004102C7 /* Project object */;
}
